
Microsoft Visual Studio Solution File, Format Version 12.00
# Visual Studio Version 17
VisualStudioVersion = 17.9.34728.123
MinimumVisualStudioVersion = 10.0.40219.1
Project("{FAE04EC0-301F-11D3-BF4B-00C04F79EFBC}") = "BookStoreBackend", "BookStoreBackend\BookStoreBackend.csproj", "{EB907673-5CD0-4F21-B7AE-8FDE27BAAC37}"
EndProject
Project("{FAE04EC0-301F-11D3-BF4B-00C04F79EFBC}") = "RepositoryLayer", "RepositoryLayer\RepositoryLayer.csproj", "{234A55D8-ABF7-4C6D-A03B-F22D1559355A}"
EndProject
Project("{FAE04EC0-301F-11D3-BF4B-00C04F79EFBC}") = "BussinessLayer", "BussinessLayer\BussinessLayer.csproj", "{1677C6C4-DD62-49C3-AB1B-A64B387B1FBB}"
EndProject
Project("{FAE04EC0-301F-11D3-BF4B-00C04F79EFBC}") = "ModelLayer", "ModelLayer\ModelLayer.csproj", "{6CEB1EBA-1474-4235-834A-538791CFBA15}"
EndProject
Global
	GlobalSection(SolutionConfigurationPlatforms) = preSolution
		Debug|Any CPU = Debug|Any CPU
		Release|Any CPU = Release|Any CPU
	EndGlobalSection
	GlobalSection(ProjectConfigurationPlatforms) = postSolution
		{EB907673-5CD0-4F21-B7AE-8FDE27BAAC37}.Debug|Any CPU.ActiveCfg = Debug|Any CPU
		{EB907673-5CD0-4F21-B7AE-8FDE27BAAC37}.Debug|Any CPU.Build.0 = Debug|Any CPU
		{EB907673-5CD0-4F21-B7AE-8FDE27BAAC37}.Release|Any CPU.ActiveCfg = Release|Any CPU
		{EB907673-5CD0-4F21-B7AE-8FDE27BAAC37}.Release|Any CPU.Build.0 = Release|Any CPU
		{234A55D8-ABF7-4C6D-A03B-F22D1559355A}.Debug|Any CPU.ActiveCfg = Debug|Any CPU
		{234A55D8-ABF7-4C6D-A03B-F22D1559355A}.Debug|Any CPU.Build.0 = Debug|Any CPU
		{234A55D8-ABF7-4C6D-A03B-F22D1559355A}.Release|Any CPU.ActiveCfg = Release|Any CPU
		{234A55D8-ABF7-4C6D-A03B-F22D1559355A}.Release|Any CPU.Build.0 = Release|Any CPU
		{1677C6C4-DD62-49C3-AB1B-A64B387B1FBB}.Debug|Any CPU.ActiveCfg = Debug|Any CPU
		{1677C6C4-DD62-49C3-AB1B-A64B387B1FBB}.Debug|Any CPU.Build.0 = Debug|Any CPU
		{1677C6C4-DD62-49C3-AB1B-A64B387B1FBB}.Release|Any CPU.ActiveCfg = Release|Any CPU
		{1677C6C4-DD62-49C3-AB1B-A64B387B1FBB}.Release|Any CPU.Build.0 = Release|Any CPU
		{6CEB1EBA-1474-4235-834A-538791CFBA15}.Debug|Any CPU.ActiveCfg = Debug|Any CPU
		{6CEB1EBA-1474-4235-834A-538791CFBA15}.Debug|Any CPU.Build.0 = Debug|Any CPU
		{6CEB1EBA-1474-4235-834A-538791CFBA15}.Release|Any CPU.ActiveCfg = Release|Any CPU
		{6CEB1EBA-1474-4235-834A-538791CFBA15}.Release|Any CPU.Build.0 = Release|Any CPU
	EndGlobalSection
	GlobalSection(SolutionProperties) = preSolution
		HideSolutionNode = FALSE
	EndGlobalSection
	GlobalSection(ExtensibilityGlobals) = postSolution
		SolutionGuid = {0CE9C624-1F29-48AC-863E-333DDDE1C29F}
	EndGlobalSection
EndGlobal
